lockfileVersion: 5.3

specifiers:
  '@langchain/anthropic': ^0.3.11
  '@langchain/community': ^0.3.22
  '@langchain/core': ^0.3.27
  '@langchain/openai': ^0.3.16
  '@langchain/textsplitters': ^0.1.0
  '@types/node': ^22.10.5
  dotenv: ^16.4.7
  langchain: ^0.3.9
  pdf-parse: ^1.1.1
  ts-node: ^10.9.2
  typescript: ^5.7.2
  zod: ^3.24.1

dependencies:
  '@langchain/anthropic': 0.3.11_@langchain+core@0.3.27
  '@langchain/community': 0.3.22_cff2fd7b796fd8e9b2e89cca4d4a793a
  '@langchain/core': 0.3.27
  '@langchain/openai': 0.3.16_@langchain+core@0.3.27
  '@langchain/textsplitters': 0.1.0_@langchain+core@0.3.27
  dotenv: 16.4.7
  langchain: 0.3.9_bf9d91d88eac80869d15bfd1d7ed2998
  pdf-parse: 1.1.1
  zod: 3.24.1

devDependencies:
  '@types/node': 22.10.5
  ts-node: 10.9.2_d71ce4be0eb4bf1c0cde3e5bdc3612da
  typescript: 5.7.2

packages:

  /@anthropic-ai/sdk/0.32.1:
    resolution: {integrity: sha512-U9JwTrDvdQ9iWuABVsMLj8nJVwAyQz6QXvgLsVhryhCEPkLsbcP/MXxm+jYcAwLoV8ESbaTTjnD4kuAFa+Hyjg==}
    dependencies:
      '@types/node': 18.19.69
      '@types/node-fetch': 2.6.12
      abort-controller: 3.0.0
      agentkeepalive: 4.6.0
      form-data-encoder: 1.7.2
      formdata-node: 4.4.1
      node-fetch: 2.7.0
    transitivePeerDependencies:
      - encoding
    dev: false

  /@cfworker/json-schema/4.0.3:
    resolution: {integrity: sha512-ZykIcDTVv5UNmKWSTLAs3VukO6NDJkkSKxrgUTDPBkAlORVT3H9n5DbRjRl8xIotklscHdbLIa0b9+y3mQq73g==}
    dev: false

  /@cspotcode/source-map-support/0.8.1:
    resolution: {integrity: sha512-IchNf6dN4tHoMFIn/7OE8LWZ19Y6q/67Bmf6vnGREv8RSbBVb9LPJxEcnwrcwX6ixSvaiGoomAUvu4YSxXrVgw==}
    engines: {node: '>=12'}
    dependencies:
      '@jridgewell/trace-mapping': 0.3.9
    dev: true

  /@jridgewell/resolve-uri/3.1.2:
    resolution: {integrity: sha512-bRISgCIjP20/tbWSPWMEi54QVPRZExkuD9lJL+UIxUKtwVJA8wW1Trb1jMs1RFXo1CBTNZ/5hpC9QvmKWdopKw==}
    engines: {node: '>=6.0.0'}
    dev: true

  /@jridgewell/sourcemap-codec/1.5.0:
    resolution: {integrity: sha512-gv3ZRaISU3fjPAgNsriBRqGWQL6quFx04YMPW/zD8XMLsU32mhCCbfbO6KZFLjvYpCZ8zyDEgqsgf+PwPaM7GQ==}
    dev: true

  /@jridgewell/trace-mapping/0.3.9:
    resolution: {integrity: sha512-3Belt6tdc8bPgAtbcmdtNJlirVoTmEb5e2gC94PnkwEW9jI6CAHUeoG85tjWP5WquqfavoMtMwiG4P926ZKKuQ==}
    dependencies:
      '@jridgewell/resolve-uri': 3.1.2
      '@jridgewell/sourcemap-codec': 1.5.0
    dev: true

  /@langchain/anthropic/0.3.11_@langchain+core@0.3.27:
    resolution: {integrity: sha512-rYjDZjMwVQ+cYeJd9IoSESdkkG8fc0m3siGRYKNy6qgYMnqCz8sUPKBanXwbZAs6wvspPCGgNK9WONfaCeX97A==}
    engines: {node: '>=18'}
    peerDependencies:
      '@langchain/core': '>=0.2.21 <0.4.0'
    dependencies:
      '@anthropic-ai/sdk': 0.32.1
      '@langchain/core': 0.3.27
      fast-xml-parser: 4.5.1
      zod: 3.24.1
      zod-to-json-schema: 3.24.1_zod@3.24.1
    transitivePeerDependencies:
      - encoding
    dev: false

  /@langchain/community/0.3.22_cff2fd7b796fd8e9b2e89cca4d4a793a:
    resolution: {integrity: sha512-RGfmG3sfJhVpdFHyPwdQhrzGXdGoCoBh6zWB79/4WaMVU0q0Uo1Y/NeeslSxp778sWEeJkRcXZC73dR8lwOFjw==}
    engines: {node: '>=18'}
    peerDependencies:
      '@arcjet/redact': ^v1.0.0-alpha.23
      '@aws-crypto/sha256-js': ^5.0.0
      '@aws-sdk/client-bedrock-agent-runtime': ^3.583.0
      '@aws-sdk/client-bedrock-runtime': ^3.422.0
      '@aws-sdk/client-dynamodb': ^3.310.0
      '@aws-sdk/client-kendra': ^3.352.0
      '@aws-sdk/client-lambda': ^3.310.0
      '@aws-sdk/client-s3': ^3.310.0
      '@aws-sdk/client-sagemaker-runtime': ^3.310.0
      '@aws-sdk/client-sfn': ^3.310.0
      '@aws-sdk/credential-provider-node': ^3.388.0
      '@azure/search-documents': ^12.0.0
      '@azure/storage-blob': ^12.15.0
      '@browserbasehq/sdk': '*'
      '@browserbasehq/stagehand': ^1.0.0
      '@clickhouse/client': ^0.2.5
      '@cloudflare/ai': '*'
      '@datastax/astra-db-ts': ^1.0.0
      '@elastic/elasticsearch': ^8.4.0
      '@getmetal/metal-sdk': '*'
      '@getzep/zep-cloud': ^1.0.6
      '@getzep/zep-js': ^0.9.0
      '@gomomento/sdk': ^1.51.1
      '@gomomento/sdk-core': ^1.51.1
      '@google-ai/generativelanguage': '*'
      '@google-cloud/storage': ^6.10.1 || ^7.7.0
      '@gradientai/nodejs-sdk': ^1.2.0
      '@huggingface/inference': ^2.6.4
      '@huggingface/transformers': ^3.2.3
      '@ibm-cloud/watsonx-ai': '*'
      '@lancedb/lancedb': ^0.12.0
      '@langchain/core': '>=0.2.21 <0.4.0'
      '@layerup/layerup-security': ^1.5.12
      '@libsql/client': ^0.14.0
      '@mendable/firecrawl-js': ^1.4.3
      '@mlc-ai/web-llm': '*'
      '@mozilla/readability': '*'
      '@neondatabase/serverless': '*'
      '@notionhq/client': ^2.2.10
      '@opensearch-project/opensearch': '*'
      '@pinecone-database/pinecone': '*'
      '@planetscale/database': ^1.8.0
      '@premai/prem-sdk': ^0.3.25
      '@qdrant/js-client-rest': ^1.8.2
      '@raycast/api': ^1.55.2
      '@rockset/client': ^0.9.1
      '@smithy/eventstream-codec': ^2.0.5
      '@smithy/protocol-http': ^3.0.6
      '@smithy/signature-v4': ^2.0.10
      '@smithy/util-utf8': ^2.0.0
      '@spider-cloud/spider-client': ^0.0.21
      '@supabase/supabase-js': ^2.45.0
      '@tensorflow-models/universal-sentence-encoder': '*'
      '@tensorflow/tfjs-converter': '*'
      '@tensorflow/tfjs-core': '*'
      '@upstash/ratelimit': ^1.1.3 || ^2.0.3
      '@upstash/redis': ^1.20.6
      '@upstash/vector': ^1.1.1
      '@vercel/kv': '*'
      '@vercel/postgres': '*'
      '@writerai/writer-sdk': ^0.40.2
      '@xata.io/client': ^0.28.0
      '@zilliz/milvus2-sdk-node': '>=2.3.5'
      apify-client: ^2.7.1
      assemblyai: ^4.6.0
      better-sqlite3: '>=9.4.0 <12.0.0'
      cassandra-driver: ^4.7.2
      cborg: ^4.1.1
      cheerio: ^1.0.0-rc.12
      chromadb: '*'
      closevector-common: 0.1.3
      closevector-node: 0.1.6
      closevector-web: 0.1.6
      cohere-ai: '*'
      convex: ^1.3.1
      crypto-js: ^4.2.0
      d3-dsv: ^2.0.0
      discord.js: ^14.14.1
      dria: ^0.0.3
      duck-duck-scrape: ^2.2.5
      epub2: ^3.0.1
      faiss-node: ^0.5.1
      fast-xml-parser: '*'
      firebase-admin: ^11.9.0 || ^12.0.0
      google-auth-library: '*'
      googleapis: '*'
      hnswlib-node: ^3.0.0
      html-to-text: ^9.0.5
      ibm-cloud-sdk-core: '*'
      ignore: ^5.2.0
      interface-datastore: ^8.2.11
      ioredis: ^5.3.2
      it-all: ^3.0.4
      jsdom: '*'
      jsonwebtoken: ^9.0.2
      llmonitor: ^0.5.9
      lodash: ^4.17.21
      lunary: ^0.7.10
      mammoth: ^1.6.0
      mongodb: '>=5.2.0'
      mysql2: ^3.9.8
      neo4j-driver: '*'
      notion-to-md: ^3.1.0
      officeparser: ^4.0.4
      openai: '*'
      pdf-parse: 1.1.1
      pg: ^8.11.0
      pg-copy-streams: ^6.0.5
      pickleparser: ^0.2.1
      playwright: ^1.32.1
      portkey-ai: ^0.1.11
      puppeteer: '*'
      pyodide: '>=0.24.1 <0.27.0'
      redis: '*'
      replicate: ^0.29.4
      sonix-speech-recognition: ^2.1.1
      srt-parser-2: ^1.2.3
      typeorm: ^0.3.20
      typesense: ^1.5.3
      usearch: ^1.1.1
      voy-search: 0.6.2
      weaviate-ts-client: '*'
      web-auth-library: ^1.0.3
      word-extractor: '*'
      ws: ^8.14.2
      youtube-transcript: ^1.0.6
      youtubei.js: ^9.1.0
    peerDependenciesMeta:
      '@arcjet/redact':
        optional: true
      '@aws-crypto/sha256-js':
        optional: true
      '@aws-sdk/client-bedrock-agent-runtime':
        optional: true
      '@aws-sdk/client-bedrock-runtime':
        optional: true
      '@aws-sdk/client-dynamodb':
        optional: true
      '@aws-sdk/client-kendra':
        optional: true
      '@aws-sdk/client-lambda':
        optional: true
      '@aws-sdk/client-s3':
        optional: true
      '@aws-sdk/client-sagemaker-runtime':
        optional: true
      '@aws-sdk/client-sfn':
        optional: true
      '@aws-sdk/credential-provider-node':
        optional: true
      '@azure/search-documents':
        optional: true
      '@azure/storage-blob':
        optional: true
      '@browserbasehq/sdk':
        optional: true
      '@clickhouse/client':
        optional: true
      '@cloudflare/ai':
        optional: true
      '@datastax/astra-db-ts':
        optional: true
      '@elastic/elasticsearch':
        optional: true
      '@getmetal/metal-sdk':
        optional: true
      '@getzep/zep-cloud':
        optional: true
      '@getzep/zep-js':
        optional: true
      '@gomomento/sdk':
        optional: true
      '@gomomento/sdk-core':
        optional: true
      '@google-ai/generativelanguage':
        optional: true
      '@google-cloud/storage':
        optional: true
      '@gradientai/nodejs-sdk':
        optional: true
      '@huggingface/inference':
        optional: true
      '@huggingface/transformers':
        optional: true
      '@lancedb/lancedb':
        optional: true
      '@layerup/layerup-security':
        optional: true
      '@libsql/client':
        optional: true
      '@mendable/firecrawl-js':
        optional: true
      '@mlc-ai/web-llm':
        optional: true
      '@mozilla/readability':
        optional: true
      '@neondatabase/serverless':
        optional: true
      '@notionhq/client':
        optional: true
      '@opensearch-project/opensearch':
        optional: true
      '@pinecone-database/pinecone':
        optional: true
      '@planetscale/database':
        optional: true
      '@premai/prem-sdk':
        optional: true
      '@qdrant/js-client-rest':
        optional: true
      '@raycast/api':
        optional: true
      '@rockset/client':
        optional: true
      '@smithy/eventstream-codec':
        optional: true
      '@smithy/protocol-http':
        optional: true
      '@smithy/signature-v4':
        optional: true
      '@smithy/util-utf8':
        optional: true
      '@spider-cloud/spider-client':
        optional: true
      '@supabase/supabase-js':
        optional: true
      '@tensorflow-models/universal-sentence-encoder':
        optional: true
      '@tensorflow/tfjs-converter':
        optional: true
      '@tensorflow/tfjs-core':
        optional: true
      '@upstash/ratelimit':
        optional: true
      '@upstash/redis':
        optional: true
      '@upstash/vector':
        optional: true
      '@vercel/kv':
        optional: true
      '@vercel/postgres':
        optional: true
      '@writerai/writer-sdk':
        optional: true
      '@xata.io/client':
        optional: true
      '@zilliz/milvus2-sdk-node':
        optional: true
      apify-client:
        optional: true
      assemblyai:
        optional: true
      better-sqlite3:
        optional: true
      cassandra-driver:
        optional: true
      cborg:
        optional: true
      cheerio:
        optional: true
      chromadb:
        optional: true
      closevector-common:
        optional: true
      closevector-node:
        optional: true
      closevector-web:
        optional: true
      cohere-ai:
        optional: true
      convex:
        optional: true
      crypto-js:
        optional: true
      d3-dsv:
        optional: true
      discord.js:
        optional: true
      dria:
        optional: true
      duck-duck-scrape:
        optional: true
      epub2:
        optional: true
      faiss-node:
        optional: true
      fast-xml-parser:
        optional: true
      firebase-admin:
        optional: true
      google-auth-library:
        optional: true
      googleapis:
        optional: true
      hnswlib-node:
        optional: true
      html-to-text:
        optional: true
      ignore:
        optional: true
      interface-datastore:
        optional: true
      ioredis:
        optional: true
      it-all:
        optional: true
      jsdom:
        optional: true
      jsonwebtoken:
        optional: true
      llmonitor:
        optional: true
      lodash:
        optional: true
      lunary:
        optional: true
      mammoth:
        optional: true
      mongodb:
        optional: true
      mysql2:
        optional: true
      neo4j-driver:
        optional: true
      notion-to-md:
        optional: true
      officeparser:
        optional: true
      pdf-parse:
        optional: true
      pg:
        optional: true
      pg-copy-streams:
        optional: true
      pickleparser:
        optional: true
      playwright:
        optional: true
      portkey-ai:
        optional: true
      puppeteer:
        optional: true
      pyodide:
        optional: true
      redis:
        optional: true
      replicate:
        optional: true
      sonix-speech-recognition:
        optional: true
      srt-parser-2:
        optional: true
      typeorm:
        optional: true
      typesense:
        optional: true
      usearch:
        optional: true
      voy-search:
        optional: true
      weaviate-ts-client:
        optional: true
      web-auth-library:
        optional: true
      word-extractor:
        optional: true
      ws:
        optional: true
      youtube-transcript:
        optional: true
      youtubei.js:
        optional: true
    dependencies:
      '@langchain/core': 0.3.27
      '@langchain/openai': 0.3.16_@langchain+core@0.3.27
      binary-extensions: 2.3.0
      expr-eval: 2.0.2
      flat: 5.0.2
      js-yaml: 4.1.0
      langchain: 0.3.9_bf9d91d88eac80869d15bfd1d7ed2998
      langsmith: 0.2.14
      pdf-parse: 1.1.1
      uuid: 10.0.0
      zod: 3.24.1
      zod-to-json-schema: 3.24.1_zod@3.24.1
    transitivePeerDependencies:
      - '@langchain/anthropic'
      - '@langchain/aws'
      - '@langchain/cerebras'
      - '@langchain/cohere'
      - '@langchain/google-genai'
      - '@langchain/google-vertexai'
      - '@langchain/groq'
      - '@langchain/mistralai'
      - '@langchain/ollama'
      - axios
      - encoding
      - handlebars
      - peggy
    dev: false

  /@langchain/core/0.3.27:
    resolution: {integrity: sha512-jtJKbJWB1NPU1YvtrExOB2rumvUFgkJwlWGxyjSIV9A6zcLVmUbcZGV8fCSuXgl5bbzOIQLJ1xcLYQmbW9TkTg==}
    engines: {node: '>=18'}
    dependencies:
      '@cfworker/json-schema': 4.0.3
      ansi-styles: 5.2.0
      camelcase: 6.3.0
      decamelize: 1.2.0
      js-tiktoken: 1.0.16
      langsmith: 0.2.14
      mustache: 4.2.0
      p-queue: 6.6.2
      p-retry: 4.6.2
      uuid: 10.0.0
      zod: 3.24.1
      zod-to-json-schema: 3.24.1_zod@3.24.1
    transitivePeerDependencies:
      - openai
    dev: false

  /@langchain/openai/0.3.16_@langchain+core@0.3.27:
    resolution: {integrity: sha512-Om9HRlTeI0Ou6D4pfxbWHop4WGfkCdV/7v1W/+Jr7NSf0BNoA9jk5GqGms8ZtOYSGgPvizDu3i0TrM3B4cN4NA==}
    engines: {node: '>=18'}
    peerDependencies:
      '@langchain/core': '>=0.2.26 <0.4.0'
    dependencies:
      '@langchain/core': 0.3.27
      js-tiktoken: 1.0.16
      openai: 4.77.3_zod@3.24.1
      zod: 3.24.1
      zod-to-json-schema: 3.24.1_zod@3.24.1
    transitivePeerDependencies:
      - encoding
    dev: false

  /@langchain/textsplitters/0.1.0_@langchain+core@0.3.27:
    resolution: {integrity: sha512-djI4uw9rlkAb5iMhtLED+xJebDdAG935AdP4eRTB02R7OB/act55Bj9wsskhZsvuyQRpO4O1wQOp85s6T6GWmw==}
    engines: {node: '>=18'}
    peerDependencies:
      '@langchain/core': '>=0.2.21 <0.4.0'
    dependencies:
      '@langchain/core': 0.3.27
      js-tiktoken: 1.0.16
    dev: false

  /@tsconfig/node10/1.0.11:
    resolution: {integrity: sha512-DcRjDCujK/kCk/cUe8Xz8ZSpm8mS3mNNpta+jGCA6USEDfktlNvm1+IuZ9eTcDbNk41BHwpHHeW+N1lKCz4zOw==}
    dev: true

  /@tsconfig/node12/1.0.11:
    resolution: {integrity: sha512-cqefuRsh12pWyGsIoBKJA9luFu3mRxCA+ORZvA4ktLSzIuCUtWVxGIuXigEwO5/ywWFMZ2QEGKWvkZG1zDMTag==}
    dev: true

  /@tsconfig/node14/1.0.3:
    resolution: {integrity: sha512-ysT8mhdixWK6Hw3i1V2AeRqZ5WfXg1G43mqoYlM2nc6388Fq5jcXyr5mRsqViLx/GJYdoL0bfXD8nmF+Zn/Iow==}
    dev: true

  /@tsconfig/node16/1.0.4:
    resolution: {integrity: sha512-vxhUy4J8lyeyinH7Azl1pdd43GJhZH/tP2weN8TntQblOY+A0XbT8DJk1/oCPuOOyg/Ja757rG0CgHcWC8OfMA==}
    dev: true

  /@types/node-fetch/2.6.12:
    resolution: {integrity: sha512-8nneRWKCg3rMtF69nLQJnOYUcbafYeFSjqkw3jCRLsqkWFlHaoQrr5mXmofFGOx3DKn7UfmBMyov8ySvLRVldA==}
    dependencies:
      '@types/node': 22.10.5
      form-data: 4.0.1
    dev: false

  /@types/node/18.19.69:
    resolution: {integrity: sha512-ECPdY1nlaiO/Y6GUnwgtAAhLNaQ53AyIVz+eILxpEo5OvuqE6yWkqWBIb5dU0DqhKQtMeny+FBD3PK6lm7L5xQ==}
    dependencies:
      undici-types: 5.26.5
    dev: false

  /@types/node/22.10.5:
    resolution: {integrity: sha512-F8Q+SeGimwOo86fiovQh8qiXfFEh2/ocYv7tU5pJ3EXMSSxk1Joj5wefpFK2fHTf/N6HKGSxIDBT9f3gCxXPkQ==}
    dependencies:
      undici-types: 6.20.0

  /@types/retry/0.12.0:
    resolution: {integrity: sha512-wWKOClTTiizcZhXnPY4wikVAwmdYHp8q6DmC+EJUzAMsycb7HB32Kh9RN4+0gExjmPmZSAQjgURXIGATPegAvA==}
    dev: false

  /@types/uuid/10.0.0:
    resolution: {integrity: sha512-7gqG38EyHgyP1S+7+xomFtL+ZNHcKv6DwNaCZmJmo1vgMugyF3TCnXVg4t1uk89mLNwnLtnY3TpOpCOyp1/xHQ==}
    dev: false

  /abort-controller/3.0.0:
    resolution: {integrity: sha512-h8lQ8tacZYnR3vNQTgibj+tODHI5/+l06Au2Pcriv/Gmet0eaj4TwWH41sO9wnHDiQsEj19q0drzdWdeAHtweg==}
    engines: {node: '>=6.5'}
    dependencies:
      event-target-shim: 5.0.1
    dev: false

  /acorn-walk/8.3.4:
    resolution: {integrity: sha512-ueEepnujpqee2o5aIYnvHU6C0A42MNdsIDeqy5BydrkuC5R1ZuUFnm27EeFJGoEHJQgn3uleRvmTXaJgfXbt4g==}
    engines: {node: '>=0.4.0'}
    dependencies:
      acorn: 8.14.0
    dev: true

  /acorn/8.14.0:
    resolution: {integrity: sha512-cl669nCJTZBsL97OF4kUQm5g5hC2uihk0NxY3WENAC0TYdILVkAyHymAntgxGkl7K+t0cXIrH5siy5S4XkFycA==}
    engines: {node: '>=0.4.0'}
    hasBin: true
    dev: true

  /agentkeepalive/4.6.0:
    resolution: {integrity: sha512-kja8j7PjmncONqaTsB8fQ+wE2mSU2DJ9D4XKoJ5PFWIdRMa6SLSN1ff4mOr4jCbfRSsxR4keIiySJU0N9T5hIQ==}
    engines: {node: '>= 8.0.0'}
    dependencies:
      humanize-ms: 1.2.1
    dev: false

  /ansi-styles/5.2.0:
    resolution: {integrity: sha512-Cxwpt2SfTzTtXcfOlzGEee8O+c+MmUgGrNiBcXnuWxuFJHe6a5Hz7qwhwe5OgaSYI0IJvkLqWX1ASG+cJOkEiA==}
    engines: {node: '>=10'}
    dev: false

  /arg/4.1.3:
    resolution: {integrity: sha512-58S9QDqG0Xx27YwPSt9fJxivjYl432YCwfDMfZ+71RAqUrZef7LrKQZ3LHLOwCS4FLNBplP533Zx895SeOCHvA==}
    dev: true

  /argparse/2.0.1:
    resolution: {integrity: sha512-8+9WqebbFzpX9OR+Wa6O29asIogeRMzcGtAINdpMHHyAg10f05aSFVBbcEqGf/PXw1EjAZ+q2/bEBg3DvurK3Q==}
    dev: false

  /asynckit/0.4.0:
    resolution: {integrity: sha512-Oei9OH4tRh0YqU3GxhX79dM/mwVgvbZJaSNaRk+bshkj0S5cfHcgYakreBjrHwatXKbz+IoIdYLxrKim2MjW0Q==}
    dev: false

  /base64-js/1.5.1:
    resolution: {integrity: sha512-AKpaYlHn8t4SVbOHCy+b5+KKgvR4vrsD8vbvrbiQJps7fKDTkjkDry6ji0rUJjC0kzbNePLwzxq8iypo41qeWA==}
    dev: false

  /binary-extensions/2.3.0:
    resolution: {integrity: sha512-Ceh+7ox5qe7LJuLHoY0feh3pHuUDHAcRUeyL2VYghZwfpkNIy/+8Ocg0a3UuSoYzavmylwuLWQOf3hl0jjMMIw==}
    engines: {node: '>=8'}
    dev: false

  /camelcase/6.3.0:
    resolution: {integrity: sha512-Gmy6FhYlCY7uOElZUSbxo2UCDH8owEk996gkbrpsgGtrJLM3J7jGxl9Ic7Qwwj4ivOE5AWZWRMecDdF7hqGjFA==}
    engines: {node: '>=10'}
    dev: false

  /combined-stream/1.0.8:
    resolution: {integrity: sha512-FQN4MRfuJeHf7cBbBMJFXhKSDq+2kAArBlmRBvcvFE5BB1HZKXtSFASDhdlz9zOYwxh8lDdnvmMOe/+5cdoEdg==}
    engines: {node: '>= 0.8'}
    dependencies:
      delayed-stream: 1.0.0
    dev: false

  /commander/10.0.1:
    resolution: {integrity: sha512-y4Mg2tXshplEbSGzx7amzPwKKOCGuoSRP/CjEdwwk0FOGlUbq6lKuoyDZTNZkmxHdJtp54hdfY/JUrdL7Xfdug==}
    engines: {node: '>=14'}
    dev: false

  /create-require/1.1.1:
    resolution: {integrity: sha512-dcKFX3jn0MpIaXjisoRvexIJVEKzaq7z2rZKxf+MSr9TkdmHmsU4m2lcLojrj/FHl8mk5VxMmYA+ftRkP/3oKQ==}
    dev: true

  /debug/3.2.7:
    resolution: {integrity: sha512-CFjzYYAi4ThfiQvizrFQevTTXHtnCqWfe7x1AhgEscTz6ZbLbfoLRLPugTQyBth6f8ZERVUSyWHFD/7Wu4t1XQ==}
    peerDependencies:
      supports-color: '*'
    peerDependenciesMeta:
      supports-color:
        optional: true
    dependencies:
      ms: 2.1.3
    dev: false

  /decamelize/1.2.0:
    resolution: {integrity: sha512-z2S+W9X73hAUUki+N+9Za2lBlun89zigOyGrsax+KUQ6wKW4ZoWpEYBkGhQjwAjjDCkWxhY0VKEhk8wzY7F5cA==}
    engines: {node: '>=0.10.0'}
    dev: false

  /delayed-stream/1.0.0:
    resolution: {integrity: sha512-ZySD7Nf91aLB0RxL4KGrKHBXl7Eds1DAmEdcoVawXnLD7SDhpNgtuII2aAkg7a7QS41jxPSZ17p4VdGnMHk3MQ==}
    engines: {node: '>=0.4.0'}
    dev: false

  /diff/4.0.2:
    resolution: {integrity: sha512-58lmxKSA4BNyLz+HHMUzlOEpg09FV+ev6ZMe3vJihgdxzgcwZ8VoEEPmALCZG9LmqfVoNMMKpttIYTVG6uDY7A==}
    engines: {node: '>=0.3.1'}
    dev: true

  /dotenv/16.4.7:
    resolution: {integrity: sha512-47qPchRCykZC03FhkYAhrvwU4xDBFIj1QPqaarj6mdM/hgUzfPHcpkHJOn3mJAufFeeAxAzeGsr5X0M4k6fLZQ==}
    engines: {node: '>=12'}
    dev: false

  /event-target-shim/5.0.1:
    resolution: {integrity: sha512-i/2XbnSz/uxRCU6+NdVJgKWDTM427+MqYbkQzD321DuCQJUqOuJKIA0IM2+W2xtYHdKOmZ4dR6fExsd4SXL+WQ==}
    engines: {node: '>=6'}
    dev: false

  /eventemitter3/4.0.7:
    resolution: {integrity: sha512-8guHBZCwKnFhYdHr2ysuRWErTwhoN2X8XELRlrRwpmfeY2jjuUN4taQMsULKUVo1K4DvZl+0pgfyoysHxvmvEw==}
    dev: false

  /expr-eval/2.0.2:
    resolution: {integrity: sha512-4EMSHGOPSwAfBiibw3ndnP0AvjDWLsMvGOvWEZ2F96IGk0bIVdjQisOHxReSkE13mHcfbuCiXw+G4y0zv6N8Eg==}
    dev: false

  /fast-xml-parser/4.5.1:
    resolution: {integrity: sha512-y655CeyUQ+jj7KBbYMc4FG01V8ZQqjN+gDYGJ50RtfsUB8iG9AmwmwoAgeKLJdmueKKMrH1RJ7yXHTSoczdv5w==}
    hasBin: true
    dependencies:
      strnum: 1.0.5
    dev: false

  /flat/5.0.2:
    resolution: {integrity: sha512-b6suED+5/3rTpUBdG1gupIl8MPFCAMA0QXwmljLhvCUKcUvdE4gWky9zpuGCcXHOsz4J9wPGNWq6OKpmIzz3hQ==}
    hasBin: true
    dev: false

  /form-data-encoder/1.7.2:
    resolution: {integrity: sha512-qfqtYan3rxrnCk1VYaA4H+Ms9xdpPqvLZa6xmMgFvhO32x7/3J/ExcTd6qpxM0vH2GdMI+poehyBZvqfMTto8A==}
    dev: false

  /form-data/4.0.1:
    resolution: {integrity: sha512-tzN8e4TX8+kkxGPK8D5u0FNmjPUjw3lwC9lSLxxoB/+GtsJG91CO8bSWy73APlgAZzZbXEYZJuxjkHH2w+Ezhw==}
    engines: {node: '>= 6'}
    dependencies:
      asynckit: 0.4.0
      combined-stream: 1.0.8
      mime-types: 2.1.35
    dev: false

  /formdata-node/4.4.1:
    resolution: {integrity: sha512-0iirZp3uVDjVGt9p49aTaqjk84TrglENEDuqfdlZQ1roC9CWlPk6Avf8EEnZNcAqPonwkG35x4n3ww/1THYAeQ==}
    engines: {node: '>= 12.20'}
    dependencies:
      node-domexception: 1.0.0
      web-streams-polyfill: 4.0.0-beta.3
    dev: false

  /humanize-ms/1.2.1:
    resolution: {integrity: sha512-Fl70vYtsAFb/C06PTS9dZBo7ihau+Tu/DNCk/OyHhea07S+aeMWpFFkUaXRa8fI+ScZbEI8dfSxwY7gxZ9SAVQ==}
    dependencies:
      ms: 2.1.3
    dev: false

  /js-tiktoken/1.0.16:
    resolution: {integrity: sha512-nUVdO5k/M9llWpiaZlBBDdtmr6qWXwSD6fgaDu2zM8UP+OXxx9V37lFkI6w0/1IuaDx7WffZ37oYd9KvcWKElg==}
    dependencies:
      base64-js: 1.5.1
    dev: false

  /js-yaml/4.1.0:
    resolution: {integrity: sha512-wpxZs9NoxZaJESJGIZTyDEaYpl0FKSA+FB9aJiyemKhMwkxQg63h4T1KJgUGHpTqPDNRcmmYLugrRjJlBtWvRA==}
    hasBin: true
    dependencies:
      argparse: 2.0.1
    dev: false

  /jsonpointer/5.0.1:
    resolution: {integrity: sha512-p/nXbhSEcu3pZRdkW1OfJhpsVtW1gd4Wa1fnQc9YLiTfAjn0312eMKimbdIQzuZl9aa9xUGaRlP9T/CJE/ditQ==}
    engines: {node: '>=0.10.0'}
    dev: false

  /langchain/0.3.9_bf9d91d88eac80869d15bfd1d7ed2998:
    resolution: {integrity: sha512-uteRutI03Bt9f53nZmx8mWfJXkf6VlFVRuOprRJ0mWdCpkTP359sxrH4v6w4TokLiziPC/aMay662kmOz0dHlA==}
    engines: {node: '>=18'}
    peerDependencies:
      '@langchain/anthropic': '*'
      '@langchain/aws': '*'
      '@langchain/cerebras': '*'
      '@langchain/cohere': '*'
      '@langchain/core': '>=0.2.21 <0.4.0'
      '@langchain/google-genai': '*'
      '@langchain/google-vertexai': '*'
      '@langchain/groq': '*'
      '@langchain/mistralai': '*'
      '@langchain/ollama': '*'
      axios: '*'
      cheerio: '*'
      handlebars: ^4.7.8
      peggy: ^3.0.2
      typeorm: '*'
    peerDependenciesMeta:
      '@langchain/anthropic':
        optional: true
      '@langchain/aws':
        optional: true
      '@langchain/cerebras':
        optional: true
      '@langchain/cohere':
        optional: true
      '@langchain/google-genai':
        optional: true
      '@langchain/google-vertexai':
        optional: true
      '@langchain/groq':
        optional: true
      '@langchain/mistralai':
        optional: true
      '@langchain/ollama':
        optional: true
      axios:
        optional: true
      cheerio:
        optional: true
      handlebars:
        optional: true
      peggy:
        optional: true
      typeorm:
        optional: true
    dependencies:
      '@langchain/anthropic': 0.3.11_@langchain+core@0.3.27
      '@langchain/core': 0.3.27
      '@langchain/openai': 0.3.16_@langchain+core@0.3.27
      '@langchain/textsplitters': 0.1.0_@langchain+core@0.3.27
      js-tiktoken: 1.0.16
      js-yaml: 4.1.0
      jsonpointer: 5.0.1
      langsmith: 0.2.14
      openapi-types: 12.1.3
      p-retry: 4.6.2
      uuid: 10.0.0
      yaml: 2.7.0
      zod: 3.24.1
      zod-to-json-schema: 3.24.1_zod@3.24.1
    transitivePeerDependencies:
      - encoding
      - openai
    dev: false

  /langsmith/0.2.14:
    resolution: {integrity: sha512-ClAuAgSf3m9miMYotLEaZKQyKdaWlfjhebCuYco8bc6g72dU2VwTg31Bv4YINBq7EH2i1cMwbOiJxbOXPqjGig==}
    peerDependencies:
      openai: '*'
    peerDependenciesMeta:
      openai:
        optional: true
    dependencies:
      '@types/uuid': 10.0.0
      commander: 10.0.1
      p-queue: 6.6.2
      p-retry: 4.6.2
      semver: 7.6.3
      uuid: 10.0.0
    dev: false

  /make-error/1.3.6:
    resolution: {integrity: sha512-s8UhlNe7vPKomQhC1qFelMokr/Sc3AgNbso3n74mVPA5LTZwkB9NlXf4XPamLxJE8h0gh73rM94xvwRT2CVInw==}
    dev: true

  /mime-db/1.52.0:
    resolution: {integrity: sha512-sPU4uV7dYlvtWJxwwxHD0PuihVNiE7TyAbQ5SWxDCB9mUYvOgroQOwYQQOKPJ8CIbE+1ETVlOoK1UC2nU3gYvg==}
    engines: {node: '>= 0.6'}
    dev: false

  /mime-types/2.1.35:
    resolution: {integrity: sha512-ZDY+bPm5zTTF+YpCrAU9nK0UgICYPT0QtT1NZWFv4s++TNkcgVaT0g6+4R2uI4MjQjzysHB1zxuWL50hzaeXiw==}
    engines: {node: '>= 0.6'}
    dependencies:
      mime-db: 1.52.0
    dev: false

  /ms/2.1.3:
    resolution: {integrity: sha512-6FlzubTLZG3J2a/NVCAleEhjzq5oxgHyaCU9yYXvcLsvoVaHJq/s5xXI6/XXP6tz7R9xAOtHnSO/tXtF3WRTlA==}
    dev: false

  /mustache/4.2.0:
    resolution: {integrity: sha512-71ippSywq5Yb7/tVYyGbkBggbU8H3u5Rz56fH60jGFgr8uHwxs+aSKeqmluIVzM0m0kB7xQjKS6qPfd0b2ZoqQ==}
    hasBin: true
    dev: false

  /node-domexception/1.0.0:
    resolution: {integrity: sha512-/jKZoMpw0F8GRwl4/eLROPA3cfcXtLApP0QzLmUT/HuPCZWyB7IY9ZrMeKw2O/nFIqPQB3PVM9aYm0F312AXDQ==}
    engines: {node: '>=10.5.0'}
    dev: false

  /node-ensure/0.0.0:
    resolution: {integrity: sha512-DRI60hzo2oKN1ma0ckc6nQWlHU69RH6xN0sjQTjMpChPfTYvKZdcQFfdYK2RWbJcKyUizSIy/l8OTGxMAM1QDw==}
    dev: false

  /node-fetch/2.7.0:
    resolution: {integrity: sha512-c4FRfUm/dbcWZ7U+1Wq0AwCyFL+3nt2bEw05wfxSz+DWpWsitgmSgYmy2dQdWyKC1694ELPqMs/YzUSNozLt8A==}
    engines: {node: 4.x || >=6.0.0}
    peerDependencies:
      encoding: ^0.1.0
    peerDependenciesMeta:
      encoding:
        optional: true
    dependencies:
      whatwg-url: 5.0.0
    dev: false

  /openai/4.77.3_zod@3.24.1:
    resolution: {integrity: sha512-wLDy4+KWHz31HRFMW2+9KQuVuT2QWhs0z94w1Gm1h2Ut9vIHr9/rHZggbykZEfyiaJRVgw8ZS9K6AylDWzvPYw==}
    hasBin: true
    peerDependencies:
      zod: ^3.23.8
    peerDependenciesMeta:
      zod:
        optional: true
    dependencies:
      '@types/node': 18.19.69
      '@types/node-fetch': 2.6.12
      abort-controller: 3.0.0
      agentkeepalive: 4.6.0
      form-data-encoder: 1.7.2
      formdata-node: 4.4.1
      node-fetch: 2.7.0
      zod: 3.24.1
    transitivePeerDependencies:
      - encoding
    dev: false

  /openapi-types/12.1.3:
    resolution: {integrity: sha512-N4YtSYJqghVu4iek2ZUvcN/0aqH1kRDuNqzcycDxhOUpg7GdvLa2F3DgS6yBNhInhv2r/6I0Flkn7CqL8+nIcw==}
    dev: false

  /p-finally/1.0.0:
    resolution: {integrity: sha512-LICb2p9CB7FS+0eR1oqWnHhp0FljGLZCWBE9aix0Uye9W8LTQPwMTYVGWQWIw9RdQiDg4+epXQODwIYJtSJaow==}
    engines: {node: '>=4'}
    dev: false

  /p-queue/6.6.2:
    resolution: {integrity: sha512-RwFpb72c/BhQLEXIZ5K2e+AhgNVmIejGlTgiB9MzZ0e93GRvqZ7uSi0dvRF7/XIXDeNkra2fNHBxTyPDGySpjQ==}
    engines: {node: '>=8'}
    dependencies:
      eventemitter3: 4.0.7
      p-timeout: 3.2.0
    dev: false

  /p-retry/4.6.2:
    resolution: {integrity: sha512-312Id396EbJdvRONlngUx0NydfrIQ5lsYu0znKVUzVvArzEIt08V1qhtyESbGVd1FGX7UKtiFp5uwKZdM8wIuQ==}
    engines: {node: '>=8'}
    dependencies:
      '@types/retry': 0.12.0
      retry: 0.13.1
    dev: false

  /p-timeout/3.2.0:
    resolution: {integrity: sha512-rhIwUycgwwKcP9yTOOFK/AKsAopjjCakVqLHePO3CC6Mir1Z99xT+R63jZxAT5lFZLa2inS5h+ZS2GvR99/FBg==}
    engines: {node: '>=8'}
    dependencies:
      p-finally: 1.0.0
    dev: false

  /pdf-parse/1.1.1:
    resolution: {integrity: sha512-v6ZJ/efsBpGrGGknjtq9J/oC8tZWq0KWL5vQrk2GlzLEQPUDB1ex+13Rmidl1neNN358Jn9EHZw5y07FFtaC7A==}
    engines: {node: '>=6.8.1'}
    dependencies:
      debug: 3.2.7
      node-ensure: 0.0.0
    transitivePeerDependencies:
      - supports-color
    dev: false

  /retry/0.13.1:
    resolution: {integrity: sha512-XQBQ3I8W1Cge0Seh+6gjj03LbmRFWuoszgK9ooCpwYIrhhoO80pfq4cUkU5DkknwfOfFteRwlZ56PYOGYyFWdg==}
    engines: {node: '>= 4'}
    dev: false

  /semver/7.6.3:
    resolution: {integrity: sha512-oVekP1cKtI+CTDvHWYFUcMtsK/00wmAEfyqKfNdARm8u1wNVhSgaX7A8d4UuIlUI5e84iEwOhs7ZPYRmzU9U6A==}
    engines: {node: '>=10'}
    hasBin: true
    dev: false

  /strnum/1.0.5:
    resolution: {integrity: sha512-J8bbNyKKXl5qYcR36TIO8W3mVGVHrmmxsd5PAItGkmyzwJvybiw2IVq5nqd0i4LSNSkB/sx9VHllbfFdr9k1JA==}
    dev: false

  /tr46/0.0.3:
    resolution: {integrity: sha512-N3WMsuqV66lT30CrXNbEjx4GEwlow3v6rr4mCcv6prnfwhS01rkgyFdjPNBYd9br7LpXV1+Emh01fHnq2Gdgrw==}
    dev: false

  /ts-node/10.9.2_d71ce4be0eb4bf1c0cde3e5bdc3612da:
    resolution: {integrity: sha512-f0FFpIdcHgn8zcPSbf1dRevwt047YMnaiJM3u2w2RewrB+fob/zePZcrOyQoLMMO7aBIddLcQIEK5dYjkLnGrQ==}
    hasBin: true
    peerDependencies:
      '@swc/core': '>=1.2.50'
      '@swc/wasm': '>=1.2.50'
      '@types/node': '*'
      typescript: '>=2.7'
    peerDependenciesMeta:
      '@swc/core':
        optional: true
      '@swc/wasm':
        optional: true
    dependencies:
      '@cspotcode/source-map-support': 0.8.1
      '@tsconfig/node10': 1.0.11
      '@tsconfig/node12': 1.0.11
      '@tsconfig/node14': 1.0.3
      '@tsconfig/node16': 1.0.4
      '@types/node': 22.10.5
      acorn: 8.14.0
      acorn-walk: 8.3.4
      arg: 4.1.3
      create-require: 1.1.1
      diff: 4.0.2
      make-error: 1.3.6
      typescript: 5.7.2
      v8-compile-cache-lib: 3.0.1
      yn: 3.1.1
    dev: true

  /typescript/5.7.2:
    resolution: {integrity: sha512-i5t66RHxDvVN40HfDd1PsEThGNnlMCMT3jMUuoh9/0TaqWevNontacunWyN02LA9/fIbEWlcHZcgTKb9QoaLfg==}
    engines: {node: '>=14.17'}
    hasBin: true
    dev: true

  /undici-types/5.26.5:
    resolution: {integrity: sha512-JlCMO+ehdEIKqlFxk6IfVoAUVmgz7cU7zD/h9XZ0qzeosSHmUJVOzSQvvYSYWXkFXC+IfLKSIffhv0sVZup6pA==}
    dev: false

  /undici-types/6.20.0:
    resolution: {integrity: sha512-Ny6QZ2Nju20vw1SRHe3d9jVu6gJ+4e3+MMpqu7pqE5HT6WsTSlce++GQmK5UXS8mzV8DSYHrQH+Xrf2jVcuKNg==}

  /uuid/10.0.0:
    resolution: {integrity: sha512-8XkAphELsDnEGrDxUOHB3RGvXz6TeuYSGEZBOjtTtPm2lwhGBjLgOzLHB63IUWfBpNucQjND6d3AOudO+H3RWQ==}
    hasBin: true
    dev: false

  /v8-compile-cache-lib/3.0.1:
    resolution: {integrity: sha512-wa7YjyUGfNZngI/vtK0UHAN+lgDCxBPCylVXGp0zu59Fz5aiGtNXaq3DhIov063MorB+VfufLh3JlF2KdTK3xg==}
    dev: true

  /web-streams-polyfill/4.0.0-beta.3:
    resolution: {integrity: sha512-QW95TCTaHmsYfHDybGMwO5IJIM93I/6vTRk+daHTWFPhwh+C8Cg7j7XyKrwrj8Ib6vYXe0ocYNrmzY4xAAN6ug==}
    engines: {node: '>= 14'}
    dev: false

  /webidl-conversions/3.0.1:
    resolution: {integrity: sha512-2JAn3z8AR6rjK8Sm8orRC0h/bcl/DqL7tRPdGZ4I1CjdF+EaMLmYxBHyXuKL849eucPFhvBoxMsflfOb8kxaeQ==}
    dev: false

  /whatwg-url/5.0.0:
    resolution: {integrity: sha512-saE57nupxk6v3HY35+jzBwYa0rKSy0XR8JSxZPwgLr7ys0IBzhGviA1/TUGJLmSVqs8pb9AnvICXEuOHLprYTw==}
    dependencies:
      tr46: 0.0.3
      webidl-conversions: 3.0.1
    dev: false

  /yaml/2.7.0:
    resolution: {integrity: sha512-+hSoy/QHluxmC9kCIJyL/uyFmLmc+e5CFR5Wa+bpIhIj85LVb9ZH2nVnqrHoSvKogwODv0ClqZkmiSSaIH5LTA==}
    engines: {node: '>= 14'}
    hasBin: true
    dev: false

  /yn/3.1.1:
    resolution: {integrity: sha512-Ux4ygGWsu2c7isFWe8Yu1YluJmqVhxqK2cLXNQA5AcC3QfbGNpM7fu0Y8b/z16pXLnFxZYvWhd3fhBY9DLmC6Q==}
    engines: {node: '>=6'}
    dev: true

  /zod-to-json-schema/3.24.1_zod@3.24.1:
    resolution: {integrity: sha512-3h08nf3Vw3Wl3PK+q3ow/lIil81IT2Oa7YpQyUUDsEWbXveMesdfK1xBd2RhCkynwZndAxixji/7SYJJowr62w==}
    peerDependencies:
      zod: ^3.24.1
    dependencies:
      zod: 3.24.1
    dev: false

  /zod/3.24.1:
    resolution: {integrity: sha512-muH7gBL9sI1nciMZV67X5fTKKBLtwpZ5VBp1vsOQzj1MhrBZ4wlVCm3gedKZWLp0Oyel8sIGfeiz54Su+OVT+A==}
    dev: false
